
Microsoft Visual Studio Solution File, Format Version 12.00
# Visual Studio Version 16
VisualStudioVersion = 16.0.31613.86
MinimumVisualStudioVersion = 10.0.40219.1
Project("{F184B08F-C81C-45F6-A57F-5ABD9991F28F}") = "PruebaMatematicaCrono", "PruebaMatematicaCrono\PruebaMatematicaCrono.vbproj", "{1B46F9D0-5357-4136-8272-0B33181F1314}"
EndProject
Global
	GlobalSection(SolutionConfigurationPlatforms) = preSolution
		Debug|Any CPU = Debug|Any CPU
		Release|Any CPU = Release|Any CPU
	EndGlobalSection
	GlobalSection(ProjectConfigurationPlatforms) = postSolution
		{1B46F9D0-5357-4136-8272-0B33181F1314}.Debug|Any CPU.ActiveCfg = Debug|Any CPU
		{1B46F9D0-5357-4136-8272-0B33181F1314}.Debug|Any CPU.Build.0 = Debug|Any CPU
		{1B46F9D0-5357-4136-8272-0B33181F1314}.Release|Any CPU.ActiveCfg = Release|Any CPU
		{1B46F9D0-5357-4136-8272-0B33181F1314}.Release|Any CPU.Build.0 = Release|Any CPU
	EndGlobalSection
	GlobalSection(SolutionProperties) = preSolution
		HideSolutionNode = FALSE
	EndGlobalSection
	GlobalSection(ExtensibilityGlobals) = postSolution
		SolutionGuid = {47D04E33-C0A3-44E1-9A37-DB4F73CD490D}
	EndGlobalSection
EndGlobal
